
Microsoft Visual Studio Solution File, Format Version 12.00
# Visual Studio 15
VisualStudioVersion = 15.0.28010.2016
MinimumVisualStudioVersion = 10.0.40219.1
Project("{FAE04EC0-301F-11D3-BF4B-00C04F79EFBC}") = "lab_2", "lab_2\lab_2.csproj", "{923C1698-A31C-4E0A-BE9E-16F37654A109}"
EndProject
Project("{FAE04EC0-301F-11D3-BF4B-00C04F79EFBC}") = "lab_3", "lab_3\lab_3.csproj", "{B0E0FD21-0867-4B97-A515-FADC36365098}"
EndProject
Project("{FAE04EC0-301F-11D3-BF4B-00C04F79EFBC}") = "lab_4", "lab_4\lab_4.csproj", "{3F480EA1-3182-46A4-A5FB-C68A6B02E02C}"
EndProject
Project("{FAE04EC0-301F-11D3-BF4B-00C04F79EFBC}") = "lab_5", "lab_5\lab_5.csproj", "{259A91C9-2D30-409D-BC7E-D9D90FD8068F}"
EndProject
Project("{FAE04EC0-301F-11D3-BF4B-00C04F79EFBC}") = "lab_8", "lab_8\lab_8.csproj", "{3FB0245C-BDEE-489F-B3FB-480A35C33E24}"
EndProject
Project("{FAE04EC0-301F-11D3-BF4B-00C04F79EFBC}") = "StructuresLib", "StructuresLib\StructuresLib.csproj", "{715FA9EC-5A00-48B5-8BFC-D0221617B795}"
EndProject
Project("{FAE04EC0-301F-11D3-BF4B-00C04F79EFBC}") = "lab_11", "lab_11\lab_11.csproj", "{CDCA2488-BADB-4BCC-970A-12C68EE0BC4D}"
EndProject
Project("{FAE04EC0-301F-11D3-BF4B-00C04F79EFBC}") = "lab_9", "lab_9\lab_9.csproj", "{DF5FB67D-8BE6-4B87-94E6-CDF0513FA4EA}"
EndProject
Project("{FAE04EC0-301F-11D3-BF4B-00C04F79EFBC}") = "lab_10", "lab_10\lab_10.csproj", "{561538D1-AA7F-4E00-9A44-FBECC49B6BAC}"
EndProject
Global
	GlobalSection(SolutionConfigurationPlatforms) = preSolution
		Debug|Any CPU = Debug|Any CPU
		Release|Any CPU = Release|Any CPU
	EndGlobalSection
	GlobalSection(ProjectConfigurationPlatforms) = postSolution
		{923C1698-A31C-4E0A-BE9E-16F37654A109}.Debug|Any CPU.ActiveCfg = Debug|Any CPU
		{923C1698-A31C-4E0A-BE9E-16F37654A109}.Debug|Any CPU.Build.0 = Debug|Any CPU
		{923C1698-A31C-4E0A-BE9E-16F37654A109}.Release|Any CPU.ActiveCfg = Release|Any CPU
		{923C1698-A31C-4E0A-BE9E-16F37654A109}.Release|Any CPU.Build.0 = Release|Any CPU
		{B0E0FD21-0867-4B97-A515-FADC36365098}.Debug|Any CPU.ActiveCfg = Debug|Any CPU
		{B0E0FD21-0867-4B97-A515-FADC36365098}.Debug|Any CPU.Build.0 = Debug|Any CPU
		{B0E0FD21-0867-4B97-A515-FADC36365098}.Release|Any CPU.ActiveCfg = Release|Any CPU
		{B0E0FD21-0867-4B97-A515-FADC36365098}.Release|Any CPU.Build.0 = Release|Any CPU
		{3F480EA1-3182-46A4-A5FB-C68A6B02E02C}.Debug|Any CPU.ActiveCfg = Debug|Any CPU
		{3F480EA1-3182-46A4-A5FB-C68A6B02E02C}.Debug|Any CPU.Build.0 = Debug|Any CPU
		{3F480EA1-3182-46A4-A5FB-C68A6B02E02C}.Release|Any CPU.ActiveCfg = Release|Any CPU
		{3F480EA1-3182-46A4-A5FB-C68A6B02E02C}.Release|Any CPU.Build.0 = Release|Any CPU
		{259A91C9-2D30-409D-BC7E-D9D90FD8068F}.Debug|Any CPU.ActiveCfg = Debug|Any CPU
		{259A91C9-2D30-409D-BC7E-D9D90FD8068F}.Debug|Any CPU.Build.0 = Debug|Any CPU
		{259A91C9-2D30-409D-BC7E-D9D90FD8068F}.Release|Any CPU.ActiveCfg = Release|Any CPU
		{259A91C9-2D30-409D-BC7E-D9D90FD8068F}.Release|Any CPU.Build.0 = Release|Any CPU
		{3FB0245C-BDEE-489F-B3FB-480A35C33E24}.Debug|Any CPU.ActiveCfg = Debug|Any CPU
		{3FB0245C-BDEE-489F-B3FB-480A35C33E24}.Debug|Any CPU.Build.0 = Debug|Any CPU
		{3FB0245C-BDEE-489F-B3FB-480A35C33E24}.Release|Any CPU.ActiveCfg = Release|Any CPU
		{3FB0245C-BDEE-489F-B3FB-480A35C33E24}.Release|Any CPU.Build.0 = Release|Any CPU
		{715FA9EC-5A00-48B5-8BFC-D0221617B795}.Debug|Any CPU.ActiveCfg = Debug|Any CPU
		{715FA9EC-5A00-48B5-8BFC-D0221617B795}.Debug|Any CPU.Build.0 = Debug|Any CPU
		{715FA9EC-5A00-48B5-8BFC-D0221617B795}.Release|Any CPU.ActiveCfg = Release|Any CPU
		{715FA9EC-5A00-48B5-8BFC-D0221617B795}.Release|Any CPU.Build.0 = Release|Any CPU
		{CDCA2488-BADB-4BCC-970A-12C68EE0BC4D}.Debug|Any CPU.ActiveCfg = Debug|Any CPU
		{CDCA2488-BADB-4BCC-970A-12C68EE0BC4D}.Debug|Any CPU.Build.0 = Debug|Any CPU
		{CDCA2488-BADB-4BCC-970A-12C68EE0BC4D}.Release|Any CPU.ActiveCfg = Release|Any CPU
		{CDCA2488-BADB-4BCC-970A-12C68EE0BC4D}.Release|Any CPU.Build.0 = Release|Any CPU
		{DF5FB67D-8BE6-4B87-94E6-CDF0513FA4EA}.Debug|Any CPU.ActiveCfg = Debug|Any CPU
		{DF5FB67D-8BE6-4B87-94E6-CDF0513FA4EA}.Debug|Any CPU.Build.0 = Debug|Any CPU
		{DF5FB67D-8BE6-4B87-94E6-CDF0513FA4EA}.Release|Any CPU.ActiveCfg = Release|Any CPU
		{DF5FB67D-8BE6-4B87-94E6-CDF0513FA4EA}.Release|Any CPU.Build.0 = Release|Any CPU
		{561538D1-AA7F-4E00-9A44-FBECC49B6BAC}.Debug|Any CPU.ActiveCfg = Debug|Any CPU
		{561538D1-AA7F-4E00-9A44-FBECC49B6BAC}.Debug|Any CPU.Build.0 = Debug|Any CPU
		{561538D1-AA7F-4E00-9A44-FBECC49B6BAC}.Release|Any CPU.ActiveCfg = Release|Any CPU
		{561538D1-AA7F-4E00-9A44-FBECC49B6BAC}.Release|Any CPU.Build.0 = Release|Any CPU
	EndGlobalSection
	GlobalSection(SolutionProperties) = preSolution
		HideSolutionNode = FALSE
	EndGlobalSection
	GlobalSection(ExtensibilityGlobals) = postSolution
		SolutionGuid = {A29FFFEE-5FFA-46CA-B76A-FA7F6FB144C4}
	EndGlobalSection
EndGlobal
